<?xml version="1.0" encoding="utf-8"?>
<Project ToolsVersion="4.0" xmlns="http://schemas.microsoft.com/developer/msbuild/2003">
  <ItemGroup>
    <Natvis Include="Source\External\EASTL-3.17.06\doc\EASTL.natvis" />
  </ItemGroup>
  <ItemGroup>
    <ClCompile Include="Source\AssetsManager.cpp" />
    <ClCompile Include="Source\CollectQuest.cpp" />
    <ClCompile Include="Source\Colliders.cpp" />
    <ClCompile Include="Source\Debug.cpp" />
    <ClCompile Include="Source\Dialogue.cpp" />
    <ClCompile Include="Source\DialogueManager.cpp" />
    <ClCompile Include="Source\easings.cpp" />
    <ClCompile Include="Source\EntityManager.cpp" />
    <ClCompile Include="Source\GuiButton.cpp" />
    <ClCompile Include="Source\GUICheckBox.cpp" />
    <ClCompile Include="Source\GuiManager.cpp" />
    <ClCompile Include="Source\GUISlider.cpp" />
    <ClCompile Include="Source\Hud.cpp" />
    <ClCompile Include="Source\ModuleCollisions.cpp" />
    <ClCompile Include="Source\Particle.cpp" />
    <ClCompile Include="Source\ParticleSystem.cpp" />
    <ClCompile Include="Source\ParticleSystemManager.cpp" />
    <ClCompile Include="Source\PerfTimer.cpp" />
    <ClCompile Include="Source\QuestManager.cpp" />
    <ClCompile Include="Source\Chest.cpp" />
    <ClCompile Include="Source\NPC.cpp" />
    <ClCompile Include="Source\Main.cpp" />
    <ClCompile Include="Source\App.cpp" />
    <ClCompile Include="Source\Audio.cpp" />
    <ClCompile Include="Source\Input.cpp" />
    <ClCompile Include="Source\Fonts.cpp" />
    <ClCompile Include="Source\Map.cpp" />
    <ClCompile Include="Source\Player.cpp" />
    <ClCompile Include="Source\Render.cpp" />
    <ClCompile Include="Source\SceneBattle.cpp" />
    <ClCompile Include="Source\SceneEnding.cpp" />
    <ClCompile Include="Source\SceneGameplay.cpp" />
    <ClCompile Include="Source\SceneLogo.cpp" />
    <ClCompile Include="Source\SceneManager.cpp" />
    <ClCompile Include="Source\SceneTitle.cpp" />
    <ClCompile Include="Source\TalkQuest.cpp" />
    <ClCompile Include="Source\Textures.cpp" />
    <ClCompile Include="Source\Timer.cpp" />
    <ClCompile Include="Source\TransitionsManager.cpp" />
    <ClCompile Include="Source\Window.cpp" />
    <ClCompile Include="Source\Log.cpp" />
    <ClCompile Include="Source\External\PugiXml\src\pugixml.cpp" />
    <ClCompile Include="Source\FirePaws.cpp" />
    <ClCompile Include="Source\Inventory.cpp" />
  </ItemGroup>
  <ItemGroup>
    <ClInclude Include="resource.h" />
    <ClInclude Include="Source\Animation.h" />
    <ClInclude Include="Source\AssetsManager.h" />
    <ClInclude Include="Source\CollectQuest.h" />
    <ClInclude Include="Source\Colliders.h" />
    <ClInclude Include="Source\Debug.h" />
    <ClInclude Include="Source\Dialogue.h" />
    <ClInclude Include="Source\DialogueManager.h" />
    <ClInclude Include="Source\easings.h" />
    <ClInclude Include="Source\Entity.h" />
    <ClInclude Include="Source\EntityManager.h" />
    <ClInclude Include="Source\GuiButton.h" />
    <ClInclude Include="Source\GUICheckBox.h" />
    <ClInclude Include="Source\GuiControl.h" />
    <ClInclude Include="Source\GuiManager.h" />
    <ClInclude Include="Source\GUISlider.h" />
    <ClInclude Include="Source\Hud.h" />
    <ClInclude Include="Source\Item.h" />
    <ClInclude Include="Source\ModuleCollisions.h" />
    <ClInclude Include="Source\Particle.h" />
    <ClInclude Include="Source\ParticleSystem.h" />
    <ClInclude Include="Source\ParticleSystemManager.h" />
    <ClInclude Include="Source\PerfTimer.h" />
    <ClInclude Include="Source\Quest.h" />
    <ClInclude Include="Source\QuestManager.h" />
    <ClInclude Include="Source\Chest.h" />
    <ClInclude Include="Source\NPC.h" />
    <ClInclude Include="Source\Fonts.h" />
    <ClInclude Include="Source\Map.h" />
    <ClInclude Include="Source\Player.h" />
    <ClInclude Include="Source\Queue.h" />
    <ClInclude Include="Source\Scene.h" />
    <ClInclude Include="Source\Audio.h" />
    <ClInclude Include="Source\Input.h" />
    <ClInclude Include="Source\App.h" />
    <ClInclude Include="Source\Module.h" />
    <ClInclude Include="Source\Render.h" />
    <ClInclude Include="Source\SceneBattle.h" />
    <ClInclude Include="Source\SceneEnding.h" />
    <ClInclude Include="Source\SceneGameplay.h" />
    <ClInclude Include="Source\SceneLogo.h" />
    <ClInclude Include="Source\SceneManager.h" />
    <ClInclude Include="Source\SceneTitle.h" />
    <ClInclude Include="Source\TalkQuest.h" />
    <ClInclude Include="Source\Textures.h" />
    <ClInclude Include="Source\Timer.h" />
    <ClInclude Include="Source\TransitionsManager.h" />
    <ClInclude Include="Source\Window.h" />
    <ClInclude Include="Source\Defs.h" />
    <ClInclude Include="Source\List.h" />
    <ClInclude Include="Source\Log.h" />
    <ClInclude Include="Source\Point.h" />
    <ClInclude Include="Source\SString.h" />
    <ClInclude Include="Source\DynArray.h" />
    <ClInclude Include="Source\External\PugiXml\src\pugiconfig.hpp" />
    <ClInclude Include="Source\External\PugiXml\src\pugixml.hpp" />
    <ClInclude Include="Source\FirePaws.h" />
    <ClInclude Include="Source\Inventory.h" />
  </ItemGroup>
  <ItemGroup>
    <ResourceCompile Include="BreakingCats.rc" />
  </ItemGroup>
  <ItemGroup>
    <Xml Include="..\Output\config.xml" />
  </ItemGroup>
  <ItemGroup>
    <Image Include="..\Output\Assets\Textures\ICON.ico" />
  </ItemGroup>
  <ItemGroup>
    <None Include="..\Output\Assets\Maps\LostChests.tmx" />
  </ItemGroup>
</Project>